// !$*UTF8*$!
{
	archiveVersion = 1;
	classes = {
	};
	objectVersion = 56;
	objects = {

/* Begin PBXBuildFile section */
		D232569029E242DD00D3B988 /* SnapKit in Frameworks */ = {isa = PBXBuildFile; productRef = D232568F29E242DD00D3B988 /* SnapKit */; };
		D232569329E242FC00D3B988 /* Then in Frameworks */ = {isa = PBXBuildFile; productRef = D232569229E242FC00D3B988 /* Then */; };
		D232569529E24A7100D3B988 /* UIFont+.swift in Sources */ = {isa = PBXBuildFile; fileRef = D232569429E24A7100D3B988 /* UIFont+.swift */; };
		D232569C29E2528800D3B988 /* Pretendard-SemiBold.otf in Resources */ = {isa = PBXBuildFile; fileRef = D232569B29E2528800D3B988 /* Pretendard-SemiBold.otf */; };
		D232569E29E2540C00D3B988 /* Pretendard-Medium.otf in Resources */ = {isa = PBXBuildFile; fileRef = D232569D29E2540C00D3B988 /* Pretendard-Medium.otf */; };
		D238C59A29F63D6700B4B8A9 /* SecondSeminarFirstView.swift in Sources */ = {isa = PBXBuildFile; fileRef = D238C59929F63D6700B4B8A9 /* SecondSeminarFirstView.swift */; };
		D238C59C29F63D7200B4B8A9 /* SecondSeminarSecondView.swift in Sources */ = {isa = PBXBuildFile; fileRef = D238C59B29F63D7200B4B8A9 /* SecondSeminarSecondView.swift */; };
		D238C59E29F63D7B00B4B8A9 /* SecondSeminarFirstViewController.swift in Sources */ = {isa = PBXBuildFile; fileRef = D238C59D29F63D7B00B4B8A9 /* SecondSeminarFirstViewController.swift */; };
		D238C5A029F63D8900B4B8A9 /* SecondSeminarSecondViewController.swift in Sources */ = {isa = PBXBuildFile; fileRef = D238C59F29F63D8900B4B8A9 /* SecondSeminarSecondViewController.swift */; };
		D238C5AB29F640E800B4B8A9 /* TvingNavigationView.swift in Sources */ = {isa = PBXBuildFile; fileRef = D238C5AA29F640E800B4B8A9 /* TvingNavigationView.swift */; };
		D238C5AD29F640F500B4B8A9 /* TvingProfileView.swift in Sources */ = {isa = PBXBuildFile; fileRef = D238C5AC29F640F500B4B8A9 /* TvingProfileView.swift */; };
		D238C5AF29F6411A00B4B8A9 /* TvingTicketView.swift in Sources */ = {isa = PBXBuildFile; fileRef = D238C5AE29F6411A00B4B8A9 /* TvingTicketView.swift */; };
		D238C5B129F641C800B4B8A9 /* TvingSettingTableView.swift in Sources */ = {isa = PBXBuildFile; fileRef = D238C5B029F641C800B4B8A9 /* TvingSettingTableView.swift */; };
		D238C5B329F641D600B4B8A9 /* TvingInfoTableView.swift in Sources */ = {isa = PBXBuildFile; fileRef = D238C5B229F641D600B4B8A9 /* TvingInfoTableView.swift */; };
		D238C5B529F645AB00B4B8A9 /* TvingMyPageView.swift in Sources */ = {isa = PBXBuildFile; fileRef = D238C5B429F645AB00B4B8A9 /* TvingMyPageView.swift */; };
		D238C5B729F6463900B4B8A9 /* TvingMyPageViewController.swift in Sources */ = {isa = PBXBuildFile; fileRef = D238C5B629F6463900B4B8A9 /* TvingMyPageViewController.swift */; };
		D238C5BD29F65F9E00B4B8A9 /* TvingSettingTableViewCell.swift in Sources */ = {isa = PBXBuildFile; fileRef = D238C5BC29F65F9E00B4B8A9 /* TvingSettingTableViewCell.swift */; };
		D238C5C229F662E700B4B8A9 /* TvingSettingModel.swift in Sources */ = {isa = PBXBuildFile; fileRef = D238C5C129F662E700B4B8A9 /* TvingSettingModel.swift */; };
		D24A047329ED8AD4006835EF /* BaseAuthTextField.swift in Sources */ = {isa = PBXBuildFile; fileRef = D24A047229ED8AD4006835EF /* BaseAuthTextField.swift */; };
		D2601EEF29F229AB00320516 /* TvingNicknameBottomSheetView.swift in Sources */ = {isa = PBXBuildFile; fileRef = D2601EEE29F229AB00320516 /* TvingNicknameBottomSheetView.swift */; };
		D2601EF129F229B500320516 /* TvingNicknameBottomSheetViewController.swift in Sources */ = {isa = PBXBuildFile; fileRef = D2601EF029F229B500320516 /* TvingNicknameBottomSheetViewController.swift */; };
		D2601EF329F26B2A00320516 /* BaseToastMessage.swift in Sources */ = {isa = PBXBuildFile; fileRef = D2601EF229F26B2A00320516 /* BaseToastMessage.swift */; };
		D28E831229E8FD5D00002EB4 /* String.swift in Sources */ = {isa = PBXBuildFile; fileRef = D28E831129E8FD5D00002EB4 /* String.swift */; };
		D28E831429EAAEB000002EB4 /* Pretendard-Bold.otf in Resources */ = {isa = PBXBuildFile; fileRef = D28E831329EAAEB000002EB4 /* Pretendard-Bold.otf */; };
		D2A7F31E29E23FA000BFA4E9 /* TvingLoginView.swift in Sources */ = {isa = PBXBuildFile; fileRef = D2A7F31D29E23FA000BFA4E9 /* TvingLoginView.swift */; };
		D2A7F32029E23FC500BFA4E9 /* TvingWelcomeView.swift in Sources */ = {isa = PBXBuildFile; fileRef = D2A7F31F29E23FC500BFA4E9 /* TvingWelcomeView.swift */; };
		D2A7F32229E23FD200BFA4E9 /* TvingLoginViewController.swift in Sources */ = {isa = PBXBuildFile; fileRef = D2A7F32129E23FD200BFA4E9 /* TvingLoginViewController.swift */; };
		D2A7F32429E23FE400BFA4E9 /* TvingWelcomeViewController.swift in Sources */ = {isa = PBXBuildFile; fileRef = D2A7F32329E23FE400BFA4E9 /* TvingWelcomeViewController.swift */; };
		D2D2193929E2356400C7B126 /* AppDelegate.swift in Sources */ = {isa = PBXBuildFile; fileRef = D2D2193829E2356400C7B126 /* AppDelegate.swift */; };
		D2D2193B29E2356400C7B126 /* SceneDelegate.swift in Sources */ = {isa = PBXBuildFile; fileRef = D2D2193A29E2356400C7B126 /* SceneDelegate.swift */; };
		D2D2193D29E2356400C7B126 /* ViewController.swift in Sources */ = {isa = PBXBuildFile; fileRef = D2D2193C29E2356400C7B126 /* ViewController.swift */; };
		D2D2194029E2356400C7B126 /* Main.storyboard in Resources */ = {isa = PBXBuildFile; fileRef = D2D2193E29E2356400C7B126 /* Main.storyboard */; };
		D2D2194229E2356500C7B126 /* Assets.xcassets in Resources */ = {isa = PBXBuildFile; fileRef = D2D2194129E2356500C7B126 /* Assets.xcassets */; };
		D2D2194529E2356500C7B126 /* LaunchScreen.storyboard in Resources */ = {isa = PBXBuildFile; fileRef = D2D2194329E2356500C7B126 /* LaunchScreen.storyboard */; };
		D2D2195229E2398D00C7B126 /* Device.swift in Sources */ = {isa = PBXBuildFile; fileRef = D2D2195129E2398D00C7B126 /* Device.swift */; };
		D2D2195429E2399500C7B126 /* Image.swift in Sources */ = {isa = PBXBuildFile; fileRef = D2D2195329E2399500C7B126 /* Image.swift */; };
		D2D2195629E2399F00C7B126 /* URLs.swift in Sources */ = {isa = PBXBuildFile; fileRef = D2D2195529E2399F00C7B126 /* URLs.swift */; };
		D2D2195829E239D100C7B126 /* UIView+.swift in Sources */ = {isa = PBXBuildFile; fileRef = D2D2195729E239D100C7B126 /* UIView+.swift */; };
		D2D2195A29E239E700C7B126 /* UIViewController+.swift in Sources */ = {isa = PBXBuildFile; fileRef = D2D2195929E239E700C7B126 /* UIViewController+.swift */; };
		D2D2195C29E23A0000C7B126 /* UITableViewCell+.swift in Sources */ = {isa = PBXBuildFile; fileRef = D2D2195B29E23A0000C7B126 /* UITableViewCell+.swift */; };
		D2D2195E29E23A1000C7B126 /* UITextField+.swift in Sources */ = {isa = PBXBuildFile; fileRef = D2D2195D29E23A1000C7B126 /* UITextField+.swift */; };
		D2D2196029E23A2A00C7B126 /* UIColor+.swift in Sources */ = {isa = PBXBuildFile; fileRef = D2D2195F29E23A2A00C7B126 /* UIColor+.swift */; };
		D2D2196229E23A3D00C7B126 /* UILabel+.swift in Sources */ = {isa = PBXBuildFile; fileRef = D2D2196129E23A3D00C7B126 /* UILabel+.swift */; };
		D2D2196429E23A4B00C7B126 /* UIButton+.swift in Sources */ = {isa = PBXBuildFile; fileRef = D2D2196329E23A4B00C7B126 /* UIButton+.swift */; };
		D2D2196629E23A6900C7B126 /* UIImageView+.swift in Sources */ = {isa = PBXBuildFile; fileRef = D2D2196529E23A6900C7B126 /* UIImageView+.swift */; };
		D2D2196929E23ABB00C7B126 /* BaseViewController.swift in Sources */ = {isa = PBXBuildFile; fileRef = D2D2196829E23ABB00C7B126 /* BaseViewController.swift */; };
/* End PBXBuildFile section */

/* Begin PBXBuildRule section */
		D2A7F32529E23FF300BFA4E9 /* PBXBuildRule */ = {
			isa = PBXBuildRule;
			compilerSpec = com.apple.compilers.proxy.script;
			fileType = pattern.proxy;
			inputFiles = (
			);
			isEditable = 1;
			outputFiles = (
			);
			script = "# Type a script or drag a script file from your workspace to insert its path.\n";
		};
/* End PBXBuildRule section */

/* Begin PBXFileReference section */
		D232569429E24A7100D3B988 /* UIFont+.swift */ = {isa = PBXFileReference; lastKnownFileType = sourcecode.swift; path = "UIFont+.swift"; sourceTree = "<group>"; };
		D232569B29E2528800D3B988 /* Pretendard-SemiBold.otf */ = {isa = PBXFileReference; lastKnownFileType = file; path = "Pretendard-SemiBold.otf"; sourceTree = "<group>"; };
		D232569D29E2540C00D3B988 /* Pretendard-Medium.otf */ = {isa = PBXFileReference; lastKnownFileType = file; path = "Pretendard-Medium.otf"; sourceTree = "<group>"; };
		D238C59929F63D6700B4B8A9 /* SecondSeminarFirstView.swift */ = {isa = PBXFileReference; lastKnownFileType = sourcecode.swift; path = SecondSeminarFirstView.swift; sourceTree = "<group>"; };
		D238C59B29F63D7200B4B8A9 /* SecondSeminarSecondView.swift */ = {isa = PBXFileReference; lastKnownFileType = sourcecode.swift; path = SecondSeminarSecondView.swift; sourceTree = "<group>"; };
		D238C59D29F63D7B00B4B8A9 /* SecondSeminarFirstViewController.swift */ = {isa = PBXFileReference; lastKnownFileType = sourcecode.swift; path = SecondSeminarFirstViewController.swift; sourceTree = "<group>"; };
		D238C59F29F63D8900B4B8A9 /* SecondSeminarSecondViewController.swift */ = {isa = PBXFileReference; lastKnownFileType = sourcecode.swift; path = SecondSeminarSecondViewController.swift; sourceTree = "<group>"; };
		D238C5AA29F640E800B4B8A9 /* TvingNavigationView.swift */ = {isa = PBXFileReference; lastKnownFileType = sourcecode.swift; path = TvingNavigationView.swift; sourceTree = "<group>"; };
		D238C5AC29F640F500B4B8A9 /* TvingProfileView.swift */ = {isa = PBXFileReference; lastKnownFileType = sourcecode.swift; path = TvingProfileView.swift; sourceTree = "<group>"; };
		D238C5AE29F6411A00B4B8A9 /* TvingTicketView.swift */ = {isa = PBXFileReference; lastKnownFileType = sourcecode.swift; path = TvingTicketView.swift; sourceTree = "<group>"; };
		D238C5B029F641C800B4B8A9 /* TvingSettingTableView.swift */ = {isa = PBXFileReference; lastKnownFileType = sourcecode.swift; path = TvingSettingTableView.swift; sourceTree = "<group>"; };
		D238C5B229F641D600B4B8A9 /* TvingInfoTableView.swift */ = {isa = PBXFileReference; lastKnownFileType = sourcecode.swift; path = TvingInfoTableView.swift; sourceTree = "<group>"; };
		D238C5B429F645AB00B4B8A9 /* TvingMyPageView.swift */ = {isa = PBXFileReference; lastKnownFileType = sourcecode.swift; path = TvingMyPageView.swift; sourceTree = "<group>"; };
		D238C5B629F6463900B4B8A9 /* TvingMyPageViewController.swift */ = {isa = PBXFileReference; lastKnownFileType = sourcecode.swift; path = TvingMyPageViewController.swift; sourceTree = "<group>"; };
		D238C5BC29F65F9E00B4B8A9 /* TvingSettingTableViewCell.swift */ = {isa = PBXFileReference; lastKnownFileType = sourcecode.swift; path = TvingSettingTableViewCell.swift; sourceTree = "<group>"; };
		D238C5C129F662E700B4B8A9 /* TvingSettingModel.swift */ = {isa = PBXFileReference; lastKnownFileType = sourcecode.swift; path = TvingSettingModel.swift; sourceTree = "<group>"; };
		D24A047229ED8AD4006835EF /* BaseAuthTextField.swift */ = {isa = PBXFileReference; lastKnownFileType = sourcecode.swift; path = BaseAuthTextField.swift; sourceTree = "<group>"; };
		D2601EEE29F229AB00320516 /* TvingNicknameBottomSheetView.swift */ = {isa = PBXFileReference; lastKnownFileType = sourcecode.swift; path = TvingNicknameBottomSheetView.swift; sourceTree = "<group>"; };
		D2601EF029F229B500320516 /* TvingNicknameBottomSheetViewController.swift */ = {isa = PBXFileReference; lastKnownFileType = sourcecode.swift; path = TvingNicknameBottomSheetViewController.swift; sourceTree = "<group>"; };
		D2601EF229F26B2A00320516 /* BaseToastMessage.swift */ = {isa = PBXFileReference; lastKnownFileType = sourcecode.swift; path = BaseToastMessage.swift; sourceTree = "<group>"; };
		D28E831129E8FD5D00002EB4 /* String.swift */ = {isa = PBXFileReference; lastKnownFileType = sourcecode.swift; path = String.swift; sourceTree = "<group>"; };
		D28E831329EAAEB000002EB4 /* Pretendard-Bold.otf */ = {isa = PBXFileReference; lastKnownFileType = file; path = "Pretendard-Bold.otf"; sourceTree = "<group>"; };
		D2A7F31D29E23FA000BFA4E9 /* TvingLoginView.swift */ = {isa = PBXFileReference; lastKnownFileType = sourcecode.swift; path = TvingLoginView.swift; sourceTree = "<group>"; };
		D2A7F31F29E23FC500BFA4E9 /* TvingWelcomeView.swift */ = {isa = PBXFileReference; lastKnownFileType = sourcecode.swift; path = TvingWelcomeView.swift; sourceTree = "<group>"; };
		D2A7F32129E23FD200BFA4E9 /* TvingLoginViewController.swift */ = {isa = PBXFileReference; lastKnownFileType = sourcecode.swift; path = TvingLoginViewController.swift; sourceTree = "<group>"; };
		D2A7F32329E23FE400BFA4E9 /* TvingWelcomeViewController.swift */ = {isa = PBXFileReference; lastKnownFileType = sourcecode.swift; path = TvingWelcomeViewController.swift; sourceTree = "<group>"; };
		D2D2193529E2356400C7B126 /* GoSoptProject.app */ = {isa = PBXFileReference; explicitFileType = wrapper.application; includeInIndex = 0; path = GoSoptProject.app; sourceTree = BUILT_PRODUCTS_DIR; };
		D2D2193829E2356400C7B126 /* AppDelegate.swift */ = {isa = PBXFileReference; lastKnownFileType = sourcecode.swift; path = AppDelegate.swift; sourceTree = "<group>"; };
		D2D2193A29E2356400C7B126 /* SceneDelegate.swift */ = {isa = PBXFileReference; lastKnownFileType = sourcecode.swift; path = SceneDelegate.swift; sourceTree = "<group>"; };
		D2D2193C29E2356400C7B126 /* ViewController.swift */ = {isa = PBXFileReference; lastKnownFileType = sourcecode.swift; path = ViewController.swift; sourceTree = "<group>"; };
		D2D2193F29E2356400C7B126 /* Base */ = {isa = PBXFileReference; lastKnownFileType = file.storyboard; name = Base; path = Base.lproj/Main.storyboard; sourceTree = "<group>"; };
		D2D2194129E2356500C7B126 /* Assets.xcassets */ = {isa = PBXFileReference; lastKnownFileType = folder.assetcatalog; path = Assets.xcassets; sourceTree = "<group>"; };
		D2D2194429E2356500C7B126 /* Base */ = {isa = PBXFileReference; lastKnownFileType = file.storyboard; name = Base; path = Base.lproj/LaunchScreen.storyboard; sourceTree = "<group>"; };
		D2D2194629E2356500C7B126 /* Info.plist */ = {isa = PBXFileReference; lastKnownFileType = text.plist.xml; path = Info.plist; sourceTree = "<group>"; };
		D2D2195129E2398D00C7B126 /* Device.swift */ = {isa = PBXFileReference; lastKnownFileType = sourcecode.swift; path = Device.swift; sourceTree = "<group>"; };
		D2D2195329E2399500C7B126 /* Image.swift */ = {isa = PBXFileReference; lastKnownFileType = sourcecode.swift; path = Image.swift; sourceTree = "<group>"; };
		D2D2195529E2399F00C7B126 /* URLs.swift */ = {isa = PBXFileReference; lastKnownFileType = sourcecode.swift; path = URLs.swift; sourceTree = "<group>"; };
		D2D2195729E239D100C7B126 /* UIView+.swift */ = {isa = PBXFileReference; lastKnownFileType = sourcecode.swift; path = "UIView+.swift"; sourceTree = "<group>"; };
		D2D2195929E239E700C7B126 /* UIViewController+.swift */ = {isa = PBXFileReference; lastKnownFileType = sourcecode.swift; path = "UIViewController+.swift"; sourceTree = "<group>"; };
		D2D2195B29E23A0000C7B126 /* UITableViewCell+.swift */ = {isa = PBXFileReference; lastKnownFileType = sourcecode.swift; path = "UITableViewCell+.swift"; sourceTree = "<group>"; };
		D2D2195D29E23A1000C7B126 /* UITextField+.swift */ = {isa = PBXFileReference; lastKnownFileType = sourcecode.swift; path = "UITextField+.swift"; sourceTree = "<group>"; };
		D2D2195F29E23A2A00C7B126 /* UIColor+.swift */ = {isa = PBXFileReference; lastKnownFileType = sourcecode.swift; path = "UIColor+.swift"; sourceTree = "<group>"; };
		D2D2196129E23A3D00C7B126 /* UILabel+.swift */ = {isa = PBXFileReference; lastKnownFileType = sourcecode.swift; path = "UILabel+.swift"; sourceTree = "<group>"; };
		D2D2196329E23A4B00C7B126 /* UIButton+.swift */ = {isa = PBXFileReference; lastKnownFileType = sourcecode.swift; path = "UIButton+.swift"; sourceTree = "<group>"; };
		D2D2196529E23A6900C7B126 /* UIImageView+.swift */ = {isa = PBXFileReference; lastKnownFileType = sourcecode.swift; path = "UIImageView+.swift"; sourceTree = "<group>"; };
		D2D2196829E23ABB00C7B126 /* BaseViewController.swift */ = {isa = PBXFileReference; lastKnownFileType = sourcecode.swift; path = BaseViewController.swift; sourceTree = "<group>"; };
/* End PBXFileReference section */

/* Begin PBXFrameworksBuildPhase section */
		D2D2193229E2356400C7B126 /* Frameworks */ = {
			isa = PBXFrameworksBuildPhase;
			buildActionMask = 2147483647;
			files = (
				D232569029E242DD00D3B988 /* SnapKit in Frameworks */,
				D232569329E242FC00D3B988 /* Then in Frameworks */,
			);
			runOnlyForDeploymentPostprocessing = 0;
		};
/* End PBXFrameworksBuildPhase section */

/* Begin PBXGroup section */
		D232569629E2517E00D3B988 /* Font */ = {
			isa = PBXGroup;
			children = (
				D28E831329EAAEB000002EB4 /* Pretendard-Bold.otf */,
				D232569D29E2540C00D3B988 /* Pretendard-Medium.otf */,
				D232569B29E2528800D3B988 /* Pretendard-SemiBold.otf */,
			);
			path = Font;
			sourceTree = "<group>";
		};
		D238C59529F63D1E00B4B8A9 /* SecondSeminarPratice */ = {
			isa = PBXGroup;
			children = (
				D238C59629F63D3700B4B8A9 /* Presentation */,
			);
			path = SecondSeminarPratice;
			sourceTree = "<group>";
		};
		D238C59629F63D3700B4B8A9 /* Presentation */ = {
			isa = PBXGroup;
			children = (
				D238C59829F63D4900B4B8A9 /* ViewController */,
				D238C59729F63D3F00B4B8A9 /* View */,
			);
			path = Presentation;
			sourceTree = "<group>";
		};
		D238C59729F63D3F00B4B8A9 /* View */ = {
			isa = PBXGroup;
			children = (
				D238C59929F63D6700B4B8A9 /* SecondSeminarFirstView.swift */,
				D238C59B29F63D7200B4B8A9 /* SecondSeminarSecondView.swift */,
			);
			path = View;
			sourceTree = "<group>";
		};
		D238C59829F63D4900B4B8A9 /* ViewController */ = {
			isa = PBXGroup;
			children = (
				D238C59D29F63D7B00B4B8A9 /* SecondSeminarFirstViewController.swift */,
				D238C59F29F63D8900B4B8A9 /* SecondSeminarSecondViewController.swift */,
			);
			path = ViewController;
			sourceTree = "<group>";
		};
		D238C5A629F6409E00B4B8A9 /* Onboarding */ = {
			isa = PBXGroup;
			children = (
				D2A7F31B29E23C7A00BFA4E9 /* ViewController */,
				D2A7F31C29E23C7F00BFA4E9 /* View */,
			);
			path = Onboarding;
			sourceTree = "<group>";
		};
		D238C5A729F640AF00B4B8A9 /* MyPage */ = {
			isa = PBXGroup;
			children = (
				D238C5C029F662D100B4B8A9 /* Model */,
				D238C5A929F640C100B4B8A9 /* ViewController */,
				D238C5A829F640B800B4B8A9 /* View */,
				D238C5BB29F65E5200B4B8A9 /* Cell */,
			);
			path = MyPage;
			sourceTree = "<group>";
		};
		D238C5A829F640B800B4B8A9 /* View */ = {
			isa = PBXGroup;
			children = (
				D238C5AA29F640E800B4B8A9 /* TvingNavigationView.swift */,
				D238C5AC29F640F500B4B8A9 /* TvingProfileView.swift */,
				D238C5AE29F6411A00B4B8A9 /* TvingTicketView.swift */,
				D238C5B029F641C800B4B8A9 /* TvingSettingTableView.swift */,
				D238C5B229F641D600B4B8A9 /* TvingInfoTableView.swift */,
				D238C5B429F645AB00B4B8A9 /* TvingMyPageView.swift */,
			);
			path = View;
			sourceTree = "<group>";
		};
		D238C5A929F640C100B4B8A9 /* ViewController */ = {
			isa = PBXGroup;
			children = (
				D238C5B629F6463900B4B8A9 /* TvingMyPageViewController.swift */,
			);
			path = ViewController;
			sourceTree = "<group>";
		};
		D238C5BB29F65E5200B4B8A9 /* Cell */ = {
			isa = PBXGroup;
			children = (
				D238C5BC29F65F9E00B4B8A9 /* TvingSettingTableViewCell.swift */,
			);
			path = Cell;
			sourceTree = "<group>";
		};
		D238C5C029F662D100B4B8A9 /* Model */ = {
			isa = PBXGroup;
			children = (
				D238C5C129F662E700B4B8A9 /* TvingSettingModel.swift */,
			);
			path = Model;
			sourceTree = "<group>";
		};
		D2A7F31929E23C5500BFA4E9 /* SecondSeminarAssignment */ = {
			isa = PBXGroup;
			children = (
				D2A7F31A29E23C6400BFA4E9 /* Presentation */,
			);
			path = SecondSeminarAssignment;
			sourceTree = "<group>";
		};
		D2A7F31A29E23C6400BFA4E9 /* Presentation */ = {
			isa = PBXGroup;
			children = (
				D238C5A729F640AF00B4B8A9 /* MyPage */,
				D238C5A629F6409E00B4B8A9 /* Onboarding */,
			);
			path = Presentation;
			sourceTree = "<group>";
		};
		D2A7F31B29E23C7A00BFA4E9 /* ViewController */ = {
			isa = PBXGroup;
			children = (
				D2A7F32129E23FD200BFA4E9 /* TvingLoginViewController.swift */,
				D2A7F32329E23FE400BFA4E9 /* TvingWelcomeViewController.swift */,
				D2601EF029F229B500320516 /* TvingNicknameBottomSheetViewController.swift */,
			);
			path = ViewController;
			sourceTree = "<group>";
		};
		D2A7F31C29E23C7F00BFA4E9 /* View */ = {
			isa = PBXGroup;
			children = (
				D2A7F31D29E23FA000BFA4E9 /* TvingLoginView.swift */,
				D2A7F31F29E23FC500BFA4E9 /* TvingWelcomeView.swift */,
				D2601EEE29F229AB00320516 /* TvingNicknameBottomSheetView.swift */,
			);
			path = View;
			sourceTree = "<group>";
		};
		D2D2192C29E2356400C7B126 = {
			isa = PBXGroup;
			children = (
				D2D2193729E2356400C7B126 /* GoSoptProject */,
				D2D2193629E2356400C7B126 /* Products */,
			);
			sourceTree = "<group>";
		};
		D2D2193629E2356400C7B126 /* Products */ = {
			isa = PBXGroup;
			children = (
				D2D2193529E2356400C7B126 /* GoSoptProject.app */,
			);
			name = Products;
			sourceTree = "<group>";
		};
		D2D2193729E2356400C7B126 /* GoSoptProject */ = {
			isa = PBXGroup;
			children = (
				D238C59529F63D1E00B4B8A9 /* SecondSeminarPratice */,
				D2A7F31929E23C5500BFA4E9 /* SecondSeminarAssignment */,
				D2D2196729E23AAB00C7B126 /* Base */,
				D2D2195029E2397700C7B126 /* Resource */,
				D2D2194D29E2395300C7B126 /* Global */,
				D2D2194C29E2392300C7B126 /* Application */,
				D2D2193C29E2356400C7B126 /* ViewController.swift */,
				D2D2193E29E2356400C7B126 /* Main.storyboard */,
				D2D2194629E2356500C7B126 /* Info.plist */,
				D2D2194329E2356500C7B126 /* LaunchScreen.storyboard */,
			);
			path = GoSoptProject;
			sourceTree = "<group>";
		};
		D2D2194C29E2392300C7B126 /* Application */ = {
			isa = PBXGroup;
			children = (
				D2D2193A29E2356400C7B126 /* SceneDelegate.swift */,
				D2D2193829E2356400C7B126 /* AppDelegate.swift */,
			);
			path = Application;
			sourceTree = "<group>";
		};
		D2D2194D29E2395300C7B126 /* Global */ = {
			isa = PBXGroup;
			children = (
				D2D2194F29E2396600C7B126 /* Extension */,
				D2D2194E29E2395F00C7B126 /* Constant */,
			);
			path = Global;
			sourceTree = "<group>";
		};
		D2D2194E29E2395F00C7B126 /* Constant */ = {
			isa = PBXGroup;
			children = (
				D2D2195129E2398D00C7B126 /* Device.swift */,
				D2D2195329E2399500C7B126 /* Image.swift */,
				D2D2195529E2399F00C7B126 /* URLs.swift */,
				D28E831129E8FD5D00002EB4 /* String.swift */,
			);
			path = Constant;
			sourceTree = "<group>";
		};
		D2D2194F29E2396600C7B126 /* Extension */ = {
			isa = PBXGroup;
			children = (
				D2D2195729E239D100C7B126 /* UIView+.swift */,
				D2D2195929E239E700C7B126 /* UIViewController+.swift */,
				D2D2195B29E23A0000C7B126 /* UITableViewCell+.swift */,
				D2D2195D29E23A1000C7B126 /* UITextField+.swift */,
				D2D2195F29E23A2A00C7B126 /* UIColor+.swift */,
				D2D2196129E23A3D00C7B126 /* UILabel+.swift */,
				D2D2196329E23A4B00C7B126 /* UIButton+.swift */,
				D2D2196529E23A6900C7B126 /* UIImageView+.swift */,
				D232569429E24A7100D3B988 /* UIFont+.swift */,
			);
			path = Extension;
			sourceTree = "<group>";
		};
		D2D2195029E2397700C7B126 /* Resource */ = {
			isa = PBXGroup;
			children = (
				D232569629E2517E00D3B988 /* Font */,
				D2D2194129E2356500C7B126 /* Assets.xcassets */,
			);
			path = Resource;
			sourceTree = "<group>";
		};
		D2D2196729E23AAB00C7B126 /* Base */ = {
			isa = PBXGroup;
			children = (
				D24A047229ED8AD4006835EF /* BaseAuthTextField.swift */,
				D2D2196829E23ABB00C7B126 /* BaseViewController.swift */,
				D2601EF229F26B2A00320516 /* BaseToastMessage.swift */,
			);
			path = Base;
			sourceTree = "<group>";
		};
/* End PBXGroup section */

/* Begin PBXNativeTarget section */
		D2D2193429E2356400C7B126 /* GoSoptProject */ = {
			isa = PBXNativeTarget;
			buildConfigurationList = D2D2194929E2356500C7B126 /* Build configuration list for PBXNativeTarget "GoSoptProject" */;
			buildPhases = (
				D2D2193129E2356400C7B126 /* Sources */,
				D2D2193229E2356400C7B126 /* Frameworks */,
				D2D2193329E2356400C7B126 /* Resources */,
			);
			buildRules = (
				D2A7F32529E23FF300BFA4E9 /* PBXBuildRule */,
			);
			dependencies = (
			);
			name = GoSoptProject;
			packageProductDependencies = (
				D232568F29E242DD00D3B988 /* SnapKit */,
				D232569229E242FC00D3B988 /* Then */,
			);
			productName = GoSoptProject;
			productReference = D2D2193529E2356400C7B126 /* GoSoptProject.app */;
			productType = "com.apple.product-type.application";
		};
/* End PBXNativeTarget section */

/* Begin PBXProject section */
		D2D2192D29E2356400C7B126 /* Project object */ = {
			isa = PBXProject;
			attributes = {
				BuildIndependentTargetsInParallel = 1;
				LastSwiftUpdateCheck = 1420;
				LastUpgradeCheck = 1420;
				TargetAttributes = {
					D2D2193429E2356400C7B126 = {
						CreatedOnToolsVersion = 14.2;
					};
				};
			};
			buildConfigurationList = D2D2193029E2356400C7B126 /* Build configuration list for PBXProject "GoSoptProject" */;
			compatibilityVersion = "Xcode 14.0";
			developmentRegion = en;
			hasScannedForEncodings = 0;
			knownRegions = (
				en,
				Base,
			);
			mainGroup = D2D2192C29E2356400C7B126;
			packageReferences = (
				D232568E29E242DD00D3B988 /* XCRemoteSwiftPackageReference "SnapKit" */,
				D232569129E242FC00D3B988 /* XCRemoteSwiftPackageReference "Then" */,
			);
			productRefGroup = D2D2193629E2356400C7B126 /* Products */;
			projectDirPath = "";
			projectRoot = "";
			targets = (
				D2D2193429E2356400C7B126 /* GoSoptProject */,
			);
		};
/* End PBXProject section */

/* Begin PBXResourcesBuildPhase section */
		D2D2193329E2356400C7B126 /* Resources */ = {
			isa = PBXResourcesBuildPhase;
			buildActionMask = 2147483647;
			files = (
				D2D2194529E2356500C7B126 /* LaunchScreen.storyboard in Resources */,
				D28E831429EAAEB000002EB4 /* Pretendard-Bold.otf in Resources */,
				D232569C29E2528800D3B988 /* Pretendard-SemiBold.otf in Resources */,
				D2D2194229E2356500C7B126 /* Assets.xcassets in Resources */,
				D2D2194029E2356400C7B126 /* Main.storyboard in Resources */,
				D232569E29E2540C00D3B988 /* Pretendard-Medium.otf in Resources */,
			);
			runOnlyForDeploymentPostprocessing = 0;
		};
/* End PBXResourcesBuildPhase section */

/* Begin PBXSourcesBuildPhase section */
		D2D2193129E2356400C7B126 /* Sources */ = {
			isa = PBXSourcesBuildPhase;
			buildActionMask = 2147483647;
			files = (
				D2D2195C29E23A0000C7B126 /* UITableViewCell+.swift in Sources */,
				D238C5AD29F640F500B4B8A9 /* TvingProfileView.swift in Sources */,
				D238C59E29F63D7B00B4B8A9 /* SecondSeminarFirstViewController.swift in Sources */,
				D2D2195E29E23A1000C7B126 /* UITextField+.swift in Sources */,
				D238C59A29F63D6700B4B8A9 /* SecondSeminarFirstView.swift in Sources */,
				D2D2196629E23A6900C7B126 /* UIImageView+.swift in Sources */,
				D2D2193D29E2356400C7B126 /* ViewController.swift in Sources */,
				D2601EEF29F229AB00320516 /* TvingNicknameBottomSheetView.swift in Sources */,
				D2D2195629E2399F00C7B126 /* URLs.swift in Sources */,
				D238C5C229F662E700B4B8A9 /* TvingSettingModel.swift in Sources */,
				D2D2196929E23ABB00C7B126 /* BaseViewController.swift in Sources */,
				D2D2196029E23A2A00C7B126 /* UIColor+.swift in Sources */,
				D238C5B129F641C800B4B8A9 /* TvingSettingTableView.swift in Sources */,
				D238C5B729F6463900B4B8A9 /* TvingMyPageViewController.swift in Sources */,
				D2D2195A29E239E700C7B126 /* UIViewController+.swift in Sources */,
				D238C5AB29F640E800B4B8A9 /* TvingNavigationView.swift in Sources */,
				D2D2196229E23A3D00C7B126 /* UILabel+.swift in Sources */,
				D2601EF129F229B500320516 /* TvingNicknameBottomSheetViewController.swift in Sources */,
				D238C5BD29F65F9E00B4B8A9 /* TvingSettingTableViewCell.swift in Sources */,
				D2D2196429E23A4B00C7B126 /* UIButton+.swift in Sources */,
				D2D2195829E239D100C7B126 /* UIView+.swift in Sources */,
				D238C5B329F641D600B4B8A9 /* TvingInfoTableView.swift in Sources */,
				D238C5B529F645AB00B4B8A9 /* TvingMyPageView.swift in Sources */,
				D2A7F32229E23FD200BFA4E9 /* TvingLoginViewController.swift in Sources */,
				D232569529E24A7100D3B988 /* UIFont+.swift in Sources */,
				D2D2193929E2356400C7B126 /* AppDelegate.swift in Sources */,
				D238C5A029F63D8900B4B8A9 /* SecondSeminarSecondViewController.swift in Sources */,
				D2D2193B29E2356400C7B126 /* SceneDelegate.swift in Sources */,
				D2A7F32429E23FE400BFA4E9 /* TvingWelcomeViewController.swift in Sources */,
				D238C5AF29F6411A00B4B8A9 /* TvingTicketView.swift in Sources */,
				D2D2195229E2398D00C7B126 /* Device.swift in Sources */,
				D238C59C29F63D7200B4B8A9 /* SecondSeminarSecondView.swift in Sources */,
				D2A7F31E29E23FA000BFA4E9 /* TvingLoginView.swift in Sources */,
				D24A047329ED8AD4006835EF /* BaseAuthTextField.swift in Sources */,
				D28E831229E8FD5D00002EB4 /* String.swift in Sources */,
				D2601EF329F26B2A00320516 /* BaseToastMessage.swift in Sources */,
				D2A7F32029E23FC500BFA4E9 /* TvingWelcomeView.swift in Sources */,
				D2D2195429E2399500C7B126 /* Image.swift in Sources */,
			);
			runOnlyForDeploymentPostprocessing = 0;
		};
/* End PBXSourcesBuildPhase section */

/* Begin PBXVariantGroup section */
		D2D2193E29E2356400C7B126 /* Main.storyboard */ = {
			isa = PBXVariantGroup;
			children = (
				D2D2193F29E2356400C7B126 /* Base */,
			);
			name = Main.storyboard;
			sourceTree = "<group>";
		};
		D2D2194329E2356500C7B126 /* LaunchScreen.storyboard */ = {
			isa = PBXVariantGroup;
			children = (
				D2D2194429E2356500C7B126 /* Base */,
			);
			name = LaunchScreen.storyboard;
			sourceTree = "<group>";
		};
/* End PBXVariantGroup section */

/* Begin XCBuildConfiguration section */
		D2D2194729E2356500C7B126 /* Debug */ = {
			isa = XCBuildConfiguration;
			buildSettings = {
				ALWAYS_SEARCH_USER_PATHS = NO;
				CLANG_ANALYZER_NONNULL = YES;
				CLANG_ANALYZER_NUMBER_OBJECT_CONVERSION = YES_AGGRESSIVE;
				CLANG_CXX_LANGUAGE_STANDARD = "gnu++20";
				CLANG_ENABLE_MODULES = YES;
				CLANG_ENABLE_OBJC_ARC = YES;
				CLANG_ENABLE_OBJC_WEAK = YES;
				CLANG_WARN_BLOCK_CAPTURE_AUTORELEASING = YES;
				CLANG_WARN_BOOL_CONVERSION = YES;
				CLANG_WARN_COMMA = YES;
				CLANG_WARN_CONSTANT_CONVERSION = YES;
				CLANG_WARN_DEPRECATED_OBJC_IMPLEMENTATIONS = YES;
				CLANG_WARN_DIRECT_OBJC_ISA_USAGE = YES_ERROR;
				CLANG_WARN_DOCUMENTATION_COMMENTS = YES;
				CLANG_WARN_EMPTY_BODY = YES;
				CLANG_WARN_ENUM_CONVERSION = YES;
				CLANG_WARN_INFINITE_RECURSION = YES;
				CLANG_WARN_INT_CONVERSION = YES;
				CLANG_WARN_NON_LITERAL_NULL_CONVERSION = YES;
				CLANG_WARN_OBJC_IMPLICIT_RETAIN_SELF = YES;
				CLANG_WARN_OBJC_LITERAL_CONVERSION = YES;
				CLANG_WARN_OBJC_ROOT_CLASS = YES_ERROR;
				CLANG_WARN_QUOTED_INCLUDE_IN_FRAMEWORK_HEADER = YES;
				CLANG_WARN_RANGE_LOOP_ANALYSIS = YES;
				CLANG_WARN_STRICT_PROTOTYPES = YES;
				CLANG_WARN_SUSPICIOUS_MOVE = YES;
				CLANG_WARN_UNGUARDED_AVAILABILITY = YES_AGGRESSIVE;
				CLANG_WARN_UNREACHABLE_CODE = YES;
				CLANG_WARN__DUPLICATE_METHOD_MATCH = YES;
				COPY_PHASE_STRIP = NO;
				DEBUG_INFORMATION_FORMAT = dwarf;
				ENABLE_STRICT_OBJC_MSGSEND = YES;
				ENABLE_TESTABILITY = YES;
				GCC_C_LANGUAGE_STANDARD = gnu11;
				GCC_DYNAMIC_NO_PIC = NO;
				GCC_NO_COMMON_BLOCKS = YES;
				GCC_OPTIMIZATION_LEVEL = 0;
				GCC_PREPROCESSOR_DEFINITIONS = (
					"DEBUG=1",
					"$(inherited)",
				);
				GCC_WARN_64_TO_32_BIT_CONVERSION = YES;
				GCC_WARN_ABOUT_RETURN_TYPE = YES_ERROR;
				GCC_WARN_UNDECLARED_SELECTOR = YES;
				GCC_WARN_UNINITIALIZED_AUTOS = YES_AGGRESSIVE;
				GCC_WARN_UNUSED_FUNCTION = YES;
				GCC_WARN_UNUSED_VARIABLE = YES;
				IPHONEOS_DEPLOYMENT_TARGET = 16.2;
				MTL_ENABLE_DEBUG_INFO = INCLUDE_SOURCE;
				MTL_FAST_MATH = YES;
				ONLY_ACTIVE_ARCH = YES;
				SDKROOT = iphoneos;
				SWIFT_ACTIVE_COMPILATION_CONDITIONS = DEBUG;
				SWIFT_OPTIMIZATION_LEVEL = "-Onone";
			};
			name = Debug;
		};
		D2D2194829E2356500C7B126 /* Release */ = {
			isa = XCBuildConfiguration;
			buildSettings = {
				ALWAYS_SEARCH_USER_PATHS = NO;
				CLANG_ANALYZER_NONNULL = YES;
				CLANG_ANALYZER_NUMBER_OBJECT_CONVERSION = YES_AGGRESSIVE;
				CLANG_CXX_LANGUAGE_STANDARD = "gnu++20";
				CLANG_ENABLE_MODULES = YES;
				CLANG_ENABLE_OBJC_ARC = YES;
				CLANG_ENABLE_OBJC_WEAK = YES;
				CLANG_WARN_BLOCK_CAPTURE_AUTORELEASING = YES;
				CLANG_WARN_BOOL_CONVERSION = YES;
				CLANG_WARN_COMMA = YES;
				CLANG_WARN_CONSTANT_CONVERSION = YES;
				CLANG_WARN_DEPRECATED_OBJC_IMPLEMENTATIONS = YES;
				CLANG_WARN_DIRECT_OBJC_ISA_USAGE = YES_ERROR;
				CLANG_WARN_DOCUMENTATION_COMMENTS = YES;
				CLANG_WARN_EMPTY_BODY = YES;
				CLANG_WARN_ENUM_CONVERSION = YES;
				CLANG_WARN_INFINITE_RECURSION = YES;
				CLANG_WARN_INT_CONVERSION = YES;
				CLANG_WARN_NON_LITERAL_NULL_CONVERSION = YES;
				CLANG_WARN_OBJC_IMPLICIT_RETAIN_SELF = YES;
				CLANG_WARN_OBJC_LITERAL_CONVERSION = YES;
				CLANG_WARN_OBJC_ROOT_CLASS = YES_ERROR;
				CLANG_WARN_QUOTED_INCLUDE_IN_FRAMEWORK_HEADER = YES;
				CLANG_WARN_RANGE_LOOP_ANALYSIS = YES;
				CLANG_WARN_STRICT_PROTOTYPES = YES;
				CLANG_WARN_SUSPICIOUS_MOVE = YES;
				CLANG_WARN_UNGUARDED_AVAILABILITY = YES_AGGRESSIVE;
				CLANG_WARN_UNREACHABLE_CODE = YES;
				CLANG_WARN__DUPLICATE_METHOD_MATCH = YES;
				COPY_PHASE_STRIP = NO;
				DEBUG_INFORMATION_FORMAT = "dwarf-with-dsym";
				ENABLE_NS_ASSERTIONS = NO;
				ENABLE_STRICT_OBJC_MSGSEND = YES;
				GCC_C_LANGUAGE_STANDARD = gnu11;
				GCC_NO_COMMON_BLOCKS = YES;
				GCC_WARN_64_TO_32_BIT_CONVERSION = YES;
				GCC_WARN_ABOUT_RETURN_TYPE = YES_ERROR;
				GCC_WARN_UNDECLARED_SELECTOR = YES;
				GCC_WARN_UNINITIALIZED_AUTOS = YES_AGGRESSIVE;
				GCC_WARN_UNUSED_FUNCTION = YES;
				GCC_WARN_UNUSED_VARIABLE = YES;
				IPHONEOS_DEPLOYMENT_TARGET = 16.2;
				MTL_ENABLE_DEBUG_INFO = NO;
				MTL_FAST_MATH = YES;
				SDKROOT = iphoneos;
				SWIFT_COMPILATION_MODE = wholemodule;
				SWIFT_OPTIMIZATION_LEVEL = "-O";
				VALIDATE_PRODUCT = YES;
			};
			name = Release;
		};
		D2D2194A29E2356500C7B126 /* Debug */ = {
			isa = XCBuildConfiguration;
			buildSettings = {
				ASSETCATALOG_COMPILER_APPICON_NAME = AppIcon;
				ASSETCATALOG_COMPILER_GLOBAL_ACCENT_COLOR_NAME = AccentColor;
				CODE_SIGN_STYLE = Automatic;
				CURRENT_PROJECT_VERSION = 1;
				DEVELOPMENT_TEAM = 27VUFHH5W2;
				GENERATE_INFOPLIST_FILE = YES;
				INFOPLIST_FILE = GoSoptProject/Info.plist;
				INFOPLIST_KEY_UIApplicationSupportsIndirectInputEvents = YES;
				INFOPLIST_KEY_UILaunchStoryboardName = LaunchScreen;
				INFOPLIST_KEY_UIMainStoryboardFile = Main;
				INFOPLIST_KEY_UISupportedInterfaceOrientations_iPad = "UIInterfaceOrientationPortrait UIInterfaceOrientationPortraitUpsideDown UIInterfaceOrientationLandscapeLeft UIInterfaceOrientationLandscapeRight";
				INFOPLIST_KEY_UISupportedInterfaceOrientations_iPhone = "UIInterfaceOrientationPortrait UIInterfaceOrientationLandscapeLeft UIInterfaceOrientationLandscapeRight";
				LD_RUNPATH_SEARCH_PATHS = (
					"$(inherited)",
					"@executable_path/Frameworks",
				);
				MARKETING_VERSION = 1.0;
				PRODUCT_BUNDLE_IDENTIFIER = hellohidi.GoSoptProject;
				PRODUCT_NAME = "$(TARGET_NAME)";
				SWIFT_EMIT_LOC_STRINGS = YES;
				SWIFT_VERSION = 5.0;
				TARGETED_DEVICE_FAMILY = "1,2";
			};
			name = Debug;
		};
		D2D2194B29E2356500C7B126 /* Release */ = {
			isa = XCBuildConfiguration;
			buildSettings = {
				ASSETCATALOG_COMPILER_APPICON_NAME = AppIcon;
				ASSETCATALOG_COMPILER_GLOBAL_ACCENT_COLOR_NAME = AccentColor;
				CODE_SIGN_STYLE = Automatic;
				CURRENT_PROJECT_VERSION = 1;
				DEVELOPMENT_TEAM = 27VUFHH5W2;
				GENERATE_INFOPLIST_FILE = YES;
				INFOPLIST_FILE = GoSoptProject/Info.plist;
				INFOPLIST_KEY_UIApplicationSupportsIndirectInputEvents = YES;
				INFOPLIST_KEY_UILaunchStoryboardName = LaunchScreen;
				INFOPLIST_KEY_UIMainStoryboardFile = Main;
				INFOPLIST_KEY_UISupportedInterfaceOrientations_iPad = "UIInterfaceOrientationPortrait UIInterfaceOrientationPortraitUpsideDown UIInterfaceOrientationLandscapeLeft UIInterfaceOrientationLandscapeRight";
				INFOPLIST_KEY_UISupportedInterfaceOrientations_iPhone = "UIInterfaceOrientationPortrait UIInterfaceOrientationLandscapeLeft UIInterfaceOrientationLandscapeRight";
				LD_RUNPATH_SEARCH_PATHS = (
					"$(inherited)",
					"@executable_path/Frameworks",
				);
				MARKETING_VERSION = 1.0;
				PRODUCT_BUNDLE_IDENTIFIER = hellohidi.GoSoptProject;
				PRODUCT_NAME = "$(TARGET_NAME)";
				SWIFT_EMIT_LOC_STRINGS = YES;
				SWIFT_VERSION = 5.0;
				TARGETED_DEVICE_FAMILY = "1,2";
			};
			name = Release;
		};
/* End XCBuildConfiguration section */

/* Begin XCConfigurationList section */
		D2D2193029E2356400C7B126 /* Build configuration list for PBXProject "GoSoptProject" */ = {
			isa = XCConfigurationList;
			buildConfigurations = (
				D2D2194729E2356500C7B126 /* Debug */,
				D2D2194829E2356500C7B126 /* Release */,
			);
			defaultConfigurationIsVisible = 0;
			defaultConfigurationName = Release;
		};
		D2D2194929E2356500C7B126 /* Build configuration list for PBXNativeTarget "GoSoptProject" */ = {
			isa = XCConfigurationList;
			buildConfigurations = (
				D2D2194A29E2356500C7B126 /* Debug */,
				D2D2194B29E2356500C7B126 /* Release */,
			);
			defaultConfigurationIsVisible = 0;
			defaultConfigurationName = Release;
		};
/* End XCConfigurationList section */

/* Begin XCRemoteSwiftPackageReference section */
		D232568E29E242DD00D3B988 /* XCRemoteSwiftPackageReference "SnapKit" */ = {
			isa = XCRemoteSwiftPackageReference;
			repositoryURL = "https://github.com/SnapKit/SnapKit";
			requirement = {
				branch = develop;
				kind = branch;
			};
		};
		D232569129E242FC00D3B988 /* XCRemoteSwiftPackageReference "Then" */ = {
			isa = XCRemoteSwiftPackageReference;
			repositoryURL = "https://github.com/devxoul/Then.git";
			requirement = {
				branch = master;
				kind = branch;
			};
		};
/* End XCRemoteSwiftPackageReference section */

/* Begin XCSwiftPackageProductDependency section */
		D232568F29E242DD00D3B988 /* SnapKit */ = {
			isa = XCSwiftPackageProductDependency;
			package = D232568E29E242DD00D3B988 /* XCRemoteSwiftPackageReference "SnapKit" */;
			productName = SnapKit;
		};
		D232569229E242FC00D3B988 /* Then */ = {
			isa = XCSwiftPackageProductDependency;
			package = D232569129E242FC00D3B988 /* XCRemoteSwiftPackageReference "Then" */;
			productName = Then;
		};
/* End XCSwiftPackageProductDependency section */
	};
	rootObject = D2D2192D29E2356400C7B126 /* Project object */;
}
